
Microsoft Visual Studio Solution File, Format Version 11.00
# Visual C# Express 2010
Project("{FAE04EC0-301F-11D3-BF4B-00C04F79EFBC}") = "BatallaNavalgo", "BatallaNavalgo\BatallaNavalgo.csproj", "{DF0DD775-43DC-49D9-84BD-62EA9168CA38}"
	ProjectSection(ProjectDependencies) = postProject
		{69DD752B-5C79-46B2-A9DF-CAB69D347D52} = {69DD752B-5C79-46B2-A9DF-CAB69D347D52}
	EndProjectSection
EndProject
Project("{FAE04EC0-301F-11D3-BF4B-00C04F79EFBC}") = "BatallaNavalgoExcepciones", "BatallaNavalgoExcepciones\BatallaNavalgoExcepciones.csproj", "{69DD752B-5C79-46B2-A9DF-CAB69D347D52}"
EndProject
Project("{FAE04EC0-301F-11D3-BF4B-00C04F79EFBC}") = "BatallaNavalgoTests", "BatallaNavalgoTests\BatallaNavalgoTests.csproj", "{EA215975-2D24-40DF-B489-10763132525E}"
EndProject
Project("{FAE04EC0-301F-11D3-BF4B-00C04F79EFBC}") = "BatallaNavalgoXNA", "BatallaNavalgoXNA\BatallaNavalgoXNA.csproj", "{B98AEABC-801A-4BE2-A098-FC16C7222A11}"
EndProject
Project("{FAE04EC0-301F-11D3-BF4B-00C04F79EFBC}") = "BatallaNavalgoXNAContent", "BatallaNavalgoXNAContent\BatallaNavalgoXNAContent.contentproj", "{F6F39D7C-C13B-45B0-979E-D09B46EDF2A6}"
EndProject
Global
	GlobalSection(SolutionConfigurationPlatforms) = preSolution
		Debug|Any CPU = Debug|Any CPU
		Debug|Mixed Platforms = Debug|Mixed Platforms
		Debug|x86 = Debug|x86
		Release|Any CPU = Release|Any CPU
		Release|Mixed Platforms = Release|Mixed Platforms
		Release|x86 = Release|x86
	EndGlobalSection
	GlobalSection(ProjectConfigurationPlatforms) = postSolution
		{DF0DD775-43DC-49D9-84BD-62EA9168CA38}.Debug|Any CPU.ActiveCfg = Debug|x86
		{DF0DD775-43DC-49D9-84BD-62EA9168CA38}.Debug|Mixed Platforms.ActiveCfg = Debug|x86
		{DF0DD775-43DC-49D9-84BD-62EA9168CA38}.Debug|Mixed Platforms.Build.0 = Debug|x86
		{DF0DD775-43DC-49D9-84BD-62EA9168CA38}.Debug|x86.ActiveCfg = Debug|x86
		{DF0DD775-43DC-49D9-84BD-62EA9168CA38}.Debug|x86.Build.0 = Debug|x86
		{DF0DD775-43DC-49D9-84BD-62EA9168CA38}.Release|Any CPU.ActiveCfg = Release|x86
		{DF0DD775-43DC-49D9-84BD-62EA9168CA38}.Release|Mixed Platforms.ActiveCfg = Release|x86
		{DF0DD775-43DC-49D9-84BD-62EA9168CA38}.Release|Mixed Platforms.Build.0 = Release|x86
		{DF0DD775-43DC-49D9-84BD-62EA9168CA38}.Release|x86.ActiveCfg = Release|x86
		{DF0DD775-43DC-49D9-84BD-62EA9168CA38}.Release|x86.Build.0 = Release|x86
		{69DD752B-5C79-46B2-A9DF-CAB69D347D52}.Debug|Any CPU.ActiveCfg = Debug|Any CPU
		{69DD752B-5C79-46B2-A9DF-CAB69D347D52}.Debug|Any CPU.Build.0 = Debug|Any CPU
		{69DD752B-5C79-46B2-A9DF-CAB69D347D52}.Debug|Mixed Platforms.ActiveCfg = Debug|Any CPU
		{69DD752B-5C79-46B2-A9DF-CAB69D347D52}.Debug|Mixed Platforms.Build.0 = Debug|Any CPU
		{69DD752B-5C79-46B2-A9DF-CAB69D347D52}.Debug|x86.ActiveCfg = Debug|Any CPU
		{69DD752B-5C79-46B2-A9DF-CAB69D347D52}.Release|Any CPU.ActiveCfg = Release|Any CPU
		{69DD752B-5C79-46B2-A9DF-CAB69D347D52}.Release|Any CPU.Build.0 = Release|Any CPU
		{69DD752B-5C79-46B2-A9DF-CAB69D347D52}.Release|Mixed Platforms.ActiveCfg = Release|Any CPU
		{69DD752B-5C79-46B2-A9DF-CAB69D347D52}.Release|Mixed Platforms.Build.0 = Release|Any CPU
		{69DD752B-5C79-46B2-A9DF-CAB69D347D52}.Release|x86.ActiveCfg = Release|Any CPU
		{EA215975-2D24-40DF-B489-10763132525E}.Debug|Any CPU.ActiveCfg = Debug|x86
		{EA215975-2D24-40DF-B489-10763132525E}.Debug|Mixed Platforms.ActiveCfg = Debug|x86
		{EA215975-2D24-40DF-B489-10763132525E}.Debug|Mixed Platforms.Build.0 = Debug|x86
		{EA215975-2D24-40DF-B489-10763132525E}.Debug|x86.ActiveCfg = Debug|x86
		{EA215975-2D24-40DF-B489-10763132525E}.Debug|x86.Build.0 = Debug|x86
		{EA215975-2D24-40DF-B489-10763132525E}.Release|Any CPU.ActiveCfg = Release|x86
		{EA215975-2D24-40DF-B489-10763132525E}.Release|Mixed Platforms.ActiveCfg = Release|x86
		{EA215975-2D24-40DF-B489-10763132525E}.Release|Mixed Platforms.Build.0 = Release|x86
		{EA215975-2D24-40DF-B489-10763132525E}.Release|x86.ActiveCfg = Release|x86
		{EA215975-2D24-40DF-B489-10763132525E}.Release|x86.Build.0 = Release|x86
		{B98AEABC-801A-4BE2-A098-FC16C7222A11}.Debug|Any CPU.ActiveCfg = Debug|x86
		{B98AEABC-801A-4BE2-A098-FC16C7222A11}.Debug|Mixed Platforms.ActiveCfg = Debug|x86
		{B98AEABC-801A-4BE2-A098-FC16C7222A11}.Debug|Mixed Platforms.Build.0 = Debug|x86
		{B98AEABC-801A-4BE2-A098-FC16C7222A11}.Debug|x86.ActiveCfg = Debug|x86
		{B98AEABC-801A-4BE2-A098-FC16C7222A11}.Debug|x86.Build.0 = Debug|x86
		{B98AEABC-801A-4BE2-A098-FC16C7222A11}.Release|Any CPU.ActiveCfg = Release|x86
		{B98AEABC-801A-4BE2-A098-FC16C7222A11}.Release|Mixed Platforms.ActiveCfg = Release|x86
		{B98AEABC-801A-4BE2-A098-FC16C7222A11}.Release|Mixed Platforms.Build.0 = Release|x86
		{B98AEABC-801A-4BE2-A098-FC16C7222A11}.Release|x86.ActiveCfg = Release|x86
		{B98AEABC-801A-4BE2-A098-FC16C7222A11}.Release|x86.Build.0 = Release|x86
		{F6F39D7C-C13B-45B0-979E-D09B46EDF2A6}.Debug|Any CPU.ActiveCfg = Debug|x86
		{F6F39D7C-C13B-45B0-979E-D09B46EDF2A6}.Debug|Mixed Platforms.ActiveCfg = Debug|x86
		{F6F39D7C-C13B-45B0-979E-D09B46EDF2A6}.Debug|x86.ActiveCfg = Debug|x86
		{F6F39D7C-C13B-45B0-979E-D09B46EDF2A6}.Release|Any CPU.ActiveCfg = Release|x86
		{F6F39D7C-C13B-45B0-979E-D09B46EDF2A6}.Release|Mixed Platforms.ActiveCfg = Release|x86
		{F6F39D7C-C13B-45B0-979E-D09B46EDF2A6}.Release|x86.ActiveCfg = Release|x86
	EndGlobalSection
	GlobalSection(SolutionProperties) = preSolution
		HideSolutionNode = FALSE
	EndGlobalSection
EndGlobal
